
Microsoft Visual Studio Solution File, Format Version 12.00
# Visual Studio Version 16
VisualStudioVersion = 16.0.31321.278
MinimumVisualStudioVersion = 10.0.40219.1
Project("{9A19103F-16F7-4668-BE54-9A1E7A4F7556}") = "TaxCrud", "TaxCrud\TaxCrud.csproj", "{DA9239B2-700E-4258-8A13-EE6E69FBE286}"
EndProject
Project("{FAE04EC0-301F-11D3-BF4B-00C04F79EFBC}") = "TaxCrudTests", "TaxCrudTests\TaxCrudTests.csproj", "{FA916F9D-4E25-4705-962E-8FBAE3CCB5D8}"
EndProject
Global
	GlobalSection(SolutionConfigurationPlatforms) = preSolution
		Debug|Any CPU = Debug|Any CPU
		Release|Any CPU = Release|Any CPU
	EndGlobalSection
	GlobalSection(ProjectConfigurationPlatforms) = postSolution
		{DA9239B2-700E-4258-8A13-EE6E69FBE286}.Debug|Any CPU.ActiveCfg = Debug|Any CPU
		{DA9239B2-700E-4258-8A13-EE6E69FBE286}.Debug|Any CPU.Build.0 = Debug|Any CPU
		{DA9239B2-700E-4258-8A13-EE6E69FBE286}.Release|Any CPU.ActiveCfg = Release|Any CPU
		{DA9239B2-700E-4258-8A13-EE6E69FBE286}.Release|Any CPU.Build.0 = Release|Any CPU
		{FA916F9D-4E25-4705-962E-8FBAE3CCB5D8}.Debug|Any CPU.ActiveCfg = Debug|Any CPU
		{FA916F9D-4E25-4705-962E-8FBAE3CCB5D8}.Debug|Any CPU.Build.0 = Debug|Any CPU
		{FA916F9D-4E25-4705-962E-8FBAE3CCB5D8}.Release|Any CPU.ActiveCfg = Release|Any CPU
		{FA916F9D-4E25-4705-962E-8FBAE3CCB5D8}.Release|Any CPU.Build.0 = Release|Any CPU
	EndGlobalSection
	GlobalSection(SolutionProperties) = preSolution
		HideSolutionNode = FALSE
	EndGlobalSection
	GlobalSection(ExtensibilityGlobals) = postSolution
		SolutionGuid = {82919E14-9871-477B-B97C-006451798BB5}
	EndGlobalSection
EndGlobal
